<Solution>
  <Configurations>
    <Platform Name="x64" />
    <Platform Name="x86" />
  </Configurations>
  <Project Path="Problem#01/Problem#01.vcxproj" Id="86660a2e-941a-42ba-af8f-437024ef6996" />
  <Project Path="Problem#02/Problem#02.vcxproj" Id="011590a2-e4a0-4b95-ba6e-ad038c85a921" />
  <Project Path="Problem#03/Problem#03.vcxproj" Id="c8ec3001-59bf-49c0-bb5c-347b613c3343" />
  <Project Path="Problem#04/Problem#04.vcxproj" Id="015394da-26bd-45fd-93df-8e921497b7a4" />
  <Project Path="Problem#05/Problem#05.vcxproj" Id="b0c1d790-ba3d-4b69-8555-19832c15fc8d" />
  <Project Path="Problem#06/Problem#06.vcxproj" Id="0dbdf24f-c1a9-402a-81fe-8c4d80ac344f" />
  <Project Path="Problem#07/Problem#07.vcxproj" Id="79c4bfeb-5e37-4c7a-ac45-306fc2b32d67" />
  <Project Path="Problem#08/Problem#08.vcxproj" Id="a5f4a264-4ed1-42fc-a605-8ae98cd4ce4f" />
  <Project Path="Problem#09/Problem#09.vcxproj" Id="7f24f035-d183-4d39-9d41-7ff2267bcc4c" />
  <Project Path="Problem#10/Problem#10.vcxproj" Id="ca93e2a9-6370-4723-a13d-eade7757712b" />
  <Project Path="Problem#11/Problem#11.vcxproj" Id="ec8b1159-9715-47a1-af63-ed78afd8d25d" />
  <Project Path="Problem#12/Problem#12.vcxproj" Id="0f25b1b2-668e-49e2-a944-448945fba213" />
  <Project Path="Problem#13/Problem#13.vcxproj" Id="14af153b-1a22-484c-93f8-da9b83bcaaa8" />
  <Project Path="Problem#14/Problem#14.vcxproj" Id="9dee944b-7398-428d-9fb6-15df0a7fd718" />
  <Project Path="Problem#15/Problem#15.vcxproj" Id="ffa9c924-afd5-4be3-861a-7abe2c7c3917" />
  <Project Path="Problem#16/Problem#16.vcxproj" Id="d32a4339-2efe-4787-ae26-9916786d89ee" />
  <Project Path="Problem#17/Problem#17.vcxproj" Id="22cf6271-57a0-4d40-8616-3db93b64ebba" />
  <Project Path="Problem#18/Problem#18.vcxproj" Id="e11516dd-d5fa-4559-b124-6f4b5c946797" />
  <Project Path="Problem#19/Problem#19.vcxproj" Id="98abe54c-01ac-4913-9241-f8202add447d" />
  <Project Path="Problem#20/Problem#20.vcxproj" Id="a9e22d3f-f65f-4750-9249-50153b5b7dc9" />
  <Project Path="Problem#21/Problem#21.vcxproj" Id="4585ef7d-df9b-4b49-bfe6-87c400eeb0eb" />
  <Project Path="Problem#22/Problem#22.vcxproj" Id="c435c51b-f915-4374-a348-79bf866e87c5" />
  <Project Path="Problem#23/Problem#23.vcxproj" Id="81c6c6d1-971f-46c4-94db-eba31e1c296d" />
  <Project Path="Problem#24/Problem#24.vcxproj" Id="2aa4b735-b419-4477-9b51-05b69c0083d9" />
  <Project Path="Problem#25/Problem#25.vcxproj" Id="80611069-b7cb-4d0f-9772-66a7b1ae8ac0" />
  <Project Path="Problem#26/Problem#26.vcxproj" Id="933696cc-205c-41e0-b7da-759b34b83794" />
  <Project Path="Problem#27/Problem#27.vcxproj" Id="e29fd149-1529-4ac3-a884-49c168925f6a" />
  <Project Path="Problem#28/Problem#28.vcxproj" Id="5aadb88f-8641-414c-8b54-c004e7626750" />
  <Project Path="Problem#29/Problem#29.vcxproj" Id="ac62686e-2c02-488e-b4df-f308efd4e064" />
  <Project Path="Problem#30/Problem#30.vcxproj" Id="a3fd7ee2-2881-4f71-977f-eb9204c24829" />
  <Project Path="Problem#31/Problem#31.vcxproj" Id="c4a407bf-5d88-4502-a80b-5bb10cd4c4e0" />
  <Project Path="Problem#32/Problem#32.vcxproj" Id="cef99878-87dd-44b2-b1cf-10c6599573e0" />
  <Project Path="Problem#33/Problem#33.vcxproj" Id="2c42329a-5845-434e-9078-0d1a00feef9d" />
  <Project Path="Problem#34/Problem#34.vcxproj" Id="10d36449-d147-4027-b979-741cad890fac" />
  <Project Path="Problem#35/Problem#35.vcxproj" Id="be676b6a-4bb0-48f4-ba5c-a6105da73c30" />
  <Project Path="Problem#36/Problem#36.vcxproj" Id="5c7417d0-d46b-436d-86bb-aadfd802ed01" />
  <Project Path="Problem#37/Problem#37.vcxproj" Id="1c515286-d45f-4e45-949a-1ae9765f9ad6" />
  <Project Path="Problem#38/Problem#38.vcxproj" Id="47f78a57-2a62-4732-b6fa-ed2971c66978" />
  <Project Path="Problem#39/Problem#39.vcxproj" Id="52f23b88-3798-408c-9905-740392fcb4b9" />
</Solution>
