<Solution>
  <Configurations>
    <Platform Name="x64" />
    <Platform Name="x86" />
  </Configurations>
  <Project Path="Problem#01/Problem#01.vcxproj" Id="86660a2e-941a-42ba-af8f-437024ef6996" />
  <Project Path="Problem#02/Problem#02.vcxproj" Id="011590a2-e4a0-4b95-ba6e-ad038c85a921" />
  <Project Path="Problem#03/Problem#03.vcxproj" Id="c8ec3001-59bf-49c0-bb5c-347b613c3343" />
  <Project Path="Problem#18/Problem#18.vcxproj" Id="e11516dd-d5fa-4559-b124-6f4b5c946797" />
</Solution>
